
Microsoft Visual Studio Solution File, Format Version 12.00
# Visual Studio Version 17
VisualStudioVersion = 17.2.32630.192
MinimumVisualStudioVersion = 10.0.40219.1
Project("{9A19103F-16F7-4668-BE54-9A1E7A4F7556}") = "Api", "Library\Api.csproj", "{9B8143E8-F70A-4B83-9640-48C65D063813}"
EndProject
Project("{FAE04EC0-301F-11D3-BF4B-00C04F79EFBC}") = "WebApp", "WebApp\WebApp.csproj", "{3B675ABA-306B-4D0D-B37F-23028461EC6A}"
EndProject
Global
	GlobalSection(SolutionConfigurationPlatforms) = preSolution
		Debug|Any CPU = Debug|Any CPU
		Release|Any CPU = Release|Any CPU
	EndGlobalSection
	GlobalSection(ProjectConfigurationPlatforms) = postSolution
		{9B8143E8-F70A-4B83-9640-48C65D063813}.Debug|Any CPU.ActiveCfg = Debug|Any CPU
		{9B8143E8-F70A-4B83-9640-48C65D063813}.Debug|Any CPU.Build.0 = Debug|Any CPU
		{9B8143E8-F70A-4B83-9640-48C65D063813}.Release|Any CPU.ActiveCfg = Release|Any CPU
		{9B8143E8-F70A-4B83-9640-48C65D063813}.Release|Any CPU.Build.0 = Release|Any CPU
		{3B675ABA-306B-4D0D-B37F-23028461EC6A}.Debug|Any CPU.ActiveCfg = Debug|Any CPU
		{3B675ABA-306B-4D0D-B37F-23028461EC6A}.Debug|Any CPU.Build.0 = Debug|Any CPU
		{3B675ABA-306B-4D0D-B37F-23028461EC6A}.Release|Any CPU.ActiveCfg = Release|Any CPU
		{3B675ABA-306B-4D0D-B37F-23028461EC6A}.Release|Any CPU.Build.0 = Release|Any CPU
	EndGlobalSection
	GlobalSection(SolutionProperties) = preSolution
		HideSolutionNode = FALSE
	EndGlobalSection
	GlobalSection(ExtensibilityGlobals) = postSolution
		SolutionGuid = {B7124C42-9302-4A4C-8335-B585431B94B8}
	EndGlobalSection
EndGlobal
