
Microsoft Visual Studio Solution File, Format Version 12.00
# Visual Studio Version 17
VisualStudioVersion = 17.2.32630.192
MinimumVisualStudioVersion = 10.0.40219.1
Project("{9A19103F-16F7-4668-BE54-9A1E7A4F7556}") = "Api", "Api\Api.csproj", "{9B8143E8-F70A-4B83-9640-48C65D063813}"
EndProject
Project("{2150E333-8FDC-42A3-9474-1A3956D46DE8}") = "1-Presentation", "1-Presentation", "{442425B3-D5A5-4744-9722-D2A75CD428BE}"
EndProject
Project("{2150E333-8FDC-42A3-9474-1A3956D46DE8}") = "2-Application", "2-Application", "{C5209735-63C3-4D51-8C9D-28521B0B724D}"
EndProject
Project("{2150E333-8FDC-42A3-9474-1A3956D46DE8}") = "3-Infrastructure", "3-Infrastructure", "{EF5628CA-4466-4CCA-B821-D6BFB28A843F}"
EndProject
Project("{2150E333-8FDC-42A3-9474-1A3956D46DE8}") = "4-Domain", "4-Domain", "{ECB0B5AC-EB0C-4FF0-B8F9-4983F61FFF3C}"
EndProject
Project("{FAE04EC0-301F-11D3-BF4B-00C04F79EFBC}") = "Library.Entities", "Library.Entities\Library.Entities.csproj", "{94A97B22-E663-4DB0-A8D1-014FEDF5EAAB}"
EndProject
Project("{FAE04EC0-301F-11D3-BF4B-00C04F79EFBC}") = "Library.Interfaces", "Library.Interfaces\Library.Interfaces.csproj", "{3E737995-53EF-40F9-8C30-1D0F5535BEFD}"
EndProject
Project("{FAE04EC0-301F-11D3-BF4B-00C04F79EFBC}") = "Library.Services", "Library.Services\Library.Services.csproj", "{EB0F6634-762C-4E8A-B4DA-AAC9BE056BC6}"
EndProject
Project("{FAE04EC0-301F-11D3-BF4B-00C04F79EFBC}") = "Library.Repositories", "Library.Repositories\Library.Repositories.csproj", "{D64D2410-970C-416A-9EB5-5E56F28958A9}"
EndProject
Project("{FAE04EC0-301F-11D3-BF4B-00C04F79EFBC}") = "Library.WebApp", "Library.WebApp\Library.WebApp.csproj", "{CE39A276-A3B6-466B-9763-A52C806F9F04}"
EndProject
Global
	GlobalSection(SolutionConfigurationPlatforms) = preSolution
		Debug|Any CPU = Debug|Any CPU
		Release|Any CPU = Release|Any CPU
	EndGlobalSection
	GlobalSection(ProjectConfigurationPlatforms) = postSolution
		{9B8143E8-F70A-4B83-9640-48C65D063813}.Debug|Any CPU.ActiveCfg = Debug|Any CPU
		{9B8143E8-F70A-4B83-9640-48C65D063813}.Debug|Any CPU.Build.0 = Debug|Any CPU
		{9B8143E8-F70A-4B83-9640-48C65D063813}.Release|Any CPU.ActiveCfg = Release|Any CPU
		{9B8143E8-F70A-4B83-9640-48C65D063813}.Release|Any CPU.Build.0 = Release|Any CPU
		{94A97B22-E663-4DB0-A8D1-014FEDF5EAAB}.Debug|Any CPU.ActiveCfg = Debug|Any CPU
		{94A97B22-E663-4DB0-A8D1-014FEDF5EAAB}.Debug|Any CPU.Build.0 = Debug|Any CPU
		{94A97B22-E663-4DB0-A8D1-014FEDF5EAAB}.Release|Any CPU.ActiveCfg = Release|Any CPU
		{94A97B22-E663-4DB0-A8D1-014FEDF5EAAB}.Release|Any CPU.Build.0 = Release|Any CPU
		{3E737995-53EF-40F9-8C30-1D0F5535BEFD}.Debug|Any CPU.ActiveCfg = Debug|Any CPU
		{3E737995-53EF-40F9-8C30-1D0F5535BEFD}.Debug|Any CPU.Build.0 = Debug|Any CPU
		{3E737995-53EF-40F9-8C30-1D0F5535BEFD}.Release|Any CPU.ActiveCfg = Release|Any CPU
		{3E737995-53EF-40F9-8C30-1D0F5535BEFD}.Release|Any CPU.Build.0 = Release|Any CPU
		{EB0F6634-762C-4E8A-B4DA-AAC9BE056BC6}.Debug|Any CPU.ActiveCfg = Debug|Any CPU
		{EB0F6634-762C-4E8A-B4DA-AAC9BE056BC6}.Debug|Any CPU.Build.0 = Debug|Any CPU
		{EB0F6634-762C-4E8A-B4DA-AAC9BE056BC6}.Release|Any CPU.ActiveCfg = Release|Any CPU
		{EB0F6634-762C-4E8A-B4DA-AAC9BE056BC6}.Release|Any CPU.Build.0 = Release|Any CPU
		{D64D2410-970C-416A-9EB5-5E56F28958A9}.Debug|Any CPU.ActiveCfg = Debug|Any CPU
		{D64D2410-970C-416A-9EB5-5E56F28958A9}.Debug|Any CPU.Build.0 = Debug|Any CPU
		{D64D2410-970C-416A-9EB5-5E56F28958A9}.Release|Any CPU.ActiveCfg = Release|Any CPU
		{D64D2410-970C-416A-9EB5-5E56F28958A9}.Release|Any CPU.Build.0 = Release|Any CPU
		{CE39A276-A3B6-466B-9763-A52C806F9F04}.Debug|Any CPU.ActiveCfg = Debug|Any CPU
		{CE39A276-A3B6-466B-9763-A52C806F9F04}.Debug|Any CPU.Build.0 = Debug|Any CPU
		{CE39A276-A3B6-466B-9763-A52C806F9F04}.Release|Any CPU.ActiveCfg = Release|Any CPU
		{CE39A276-A3B6-466B-9763-A52C806F9F04}.Release|Any CPU.Build.0 = Release|Any CPU
	EndGlobalSection
	GlobalSection(SolutionProperties) = preSolution
		HideSolutionNode = FALSE
	EndGlobalSection
	GlobalSection(NestedProjects) = preSolution
		{9B8143E8-F70A-4B83-9640-48C65D063813} = {C5209735-63C3-4D51-8C9D-28521B0B724D}
		{94A97B22-E663-4DB0-A8D1-014FEDF5EAAB} = {ECB0B5AC-EB0C-4FF0-B8F9-4983F61FFF3C}
		{3E737995-53EF-40F9-8C30-1D0F5535BEFD} = {ECB0B5AC-EB0C-4FF0-B8F9-4983F61FFF3C}
		{EB0F6634-762C-4E8A-B4DA-AAC9BE056BC6} = {ECB0B5AC-EB0C-4FF0-B8F9-4983F61FFF3C}
		{D64D2410-970C-416A-9EB5-5E56F28958A9} = {EF5628CA-4466-4CCA-B821-D6BFB28A843F}
		{CE39A276-A3B6-466B-9763-A52C806F9F04} = {442425B3-D5A5-4744-9722-D2A75CD428BE}
	EndGlobalSection
	GlobalSection(ExtensibilityGlobals) = postSolution
		SolutionGuid = {B7124C42-9302-4A4C-8335-B585431B94B8}
	EndGlobalSection
EndGlobal
